
Microsoft Visual Studio Solution File, Format Version 12.00
# Visual Studio Version 16
VisualStudioVersion = 16.0.29613.14
MinimumVisualStudioVersion = 10.0.40219.1
Project("{FAE04EC0-301F-11D3-BF4B-00C04F79EFBC}") = "TabPageColoring", "TabPageColoring\TabPageColoring.csproj", "{E2FE315C-371D-4DD4-BA8A-E18954CE7360}"
EndProject
Global
	GlobalSection(SolutionConfigurationPlatforms) = preSolution
		Debug|Any CPU = Debug|Any CPU
		Release|Any CPU = Release|Any CPU
	EndGlobalSection
	GlobalSection(ProjectConfigurationPlatforms) = postSolution
		{E2FE315C-371D-4DD4-BA8A-E18954CE7360}.Debug|Any CPU.ActiveCfg = Debug|Any CPU
		{E2FE315C-371D-4DD4-BA8A-E18954CE7360}.Debug|Any CPU.Build.0 = Debug|Any CPU
		{E2FE315C-371D-4DD4-BA8A-E18954CE7360}.Release|Any CPU.ActiveCfg = Release|Any CPU
		{E2FE315C-371D-4DD4-BA8A-E18954CE7360}.Release|Any CPU.Build.0 = Release|Any CPU
	EndGlobalSection
	GlobalSection(SolutionProperties) = preSolution
		HideSolutionNode = FALSE
	EndGlobalSection
	GlobalSection(ExtensibilityGlobals) = postSolution
		SolutionGuid = {015E8D15-1452-4CF5-A0D2-8B770183AC58}
	EndGlobalSection
EndGlobal
